
Microsoft Visual Studio Solution File, Format Version 12.00
# Visual Studio Version 17
VisualStudioVersion = 17.4.33213.308
MinimumVisualStudioVersion = 10.0.40219.1
Project("{9A19103F-16F7-4668-BE54-9A1E7A4F7556}") = "Vipps.net", "Vipps.net\Vipps.net.csproj", "{C8EEE10C-E51A-43D2-B547-64F2AC6B102A}"
EndProject
Project("{2150E333-8FDC-42A3-9474-1A3956D46DE8}") = "Solution Items", "Solution Items", "{23D0FF62-54B1-4BD9-9437-9EB8F5413463}"
	ProjectSection(SolutionItems) = preProject
		.editorconfig = .editorconfig
	EndProjectSection
EndProject
Project("{9A19103F-16F7-4668-BE54-9A1E7A4F7556}") = "Vipps.net.Tests", "Tests\Vipps.net.Tests\Vipps.net.Tests.csproj", "{AF69864C-6DFE-49A7-857C-36D8FC09833E}"
EndProject
Project("{9A19103F-16F7-4668-BE54-9A1E7A4F7556}") = "Vipps.net.Demo", "Vipps.net.Demo\Vipps.net.Demo.csproj", "{9A5DAEF5-4D80-46D6-9844-44683AADE796}"
EndProject
Project("{9A19103F-16F7-4668-BE54-9A1E7A4F7556}") = "Vipps.net.AspCoreDemo", "Vipps.net.AspCoreDemo\Vipps.net.AspCoreDemo.csproj", "{09540EAC-72F5-4562-910E-56299A663C0A}"
EndProject
Project("{9A19103F-16F7-4668-BE54-9A1E7A4F7556}") = "Vipps.net.Codegen", "Vipps.net.Codegen\Vipps.net.Codegen.csproj", "{52AD8849-DDB6-4542-9E18-2219AF993CAF}"
EndProject
Project("{FAE04EC0-301F-11D3-BF4B-00C04F79EFBC}") = "Vipps.net.IntegrationTests", "Tests\Vipps.net.IntegrationTests\Vipps.net.IntegrationTests.csproj", "{42DD89A8-0AE4-4CCD-9CAC-39B8F217805D}"
EndProject
Global
	GlobalSection(SolutionConfigurationPlatforms) = preSolution
		Debug|Any CPU = Debug|Any CPU
		Release|Any CPU = Release|Any CPU
	EndGlobalSection
	GlobalSection(ProjectConfigurationPlatforms) = postSolution
		{C8EEE10C-E51A-43D2-B547-64F2AC6B102A}.Debug|Any CPU.ActiveCfg = Debug|Any CPU
		{C8EEE10C-E51A-43D2-B547-64F2AC6B102A}.Debug|Any CPU.Build.0 = Debug|Any CPU
		{C8EEE10C-E51A-43D2-B547-64F2AC6B102A}.Release|Any CPU.ActiveCfg = Release|Any CPU
		{C8EEE10C-E51A-43D2-B547-64F2AC6B102A}.Release|Any CPU.Build.0 = Release|Any CPU
		{AF69864C-6DFE-49A7-857C-36D8FC09833E}.Debug|Any CPU.ActiveCfg = Debug|Any CPU
		{AF69864C-6DFE-49A7-857C-36D8FC09833E}.Debug|Any CPU.Build.0 = Debug|Any CPU
		{AF69864C-6DFE-49A7-857C-36D8FC09833E}.Release|Any CPU.ActiveCfg = Release|Any CPU
		{AF69864C-6DFE-49A7-857C-36D8FC09833E}.Release|Any CPU.Build.0 = Release|Any CPU
		{9A5DAEF5-4D80-46D6-9844-44683AADE796}.Debug|Any CPU.ActiveCfg = Debug|Any CPU
		{9A5DAEF5-4D80-46D6-9844-44683AADE796}.Debug|Any CPU.Build.0 = Debug|Any CPU
		{9A5DAEF5-4D80-46D6-9844-44683AADE796}.Release|Any CPU.ActiveCfg = Release|Any CPU
		{9A5DAEF5-4D80-46D6-9844-44683AADE796}.Release|Any CPU.Build.0 = Release|Any CPU
		{09540EAC-72F5-4562-910E-56299A663C0A}.Debug|Any CPU.ActiveCfg = Debug|Any CPU
		{09540EAC-72F5-4562-910E-56299A663C0A}.Debug|Any CPU.Build.0 = Debug|Any CPU
		{09540EAC-72F5-4562-910E-56299A663C0A}.Release|Any CPU.ActiveCfg = Release|Any CPU
		{09540EAC-72F5-4562-910E-56299A663C0A}.Release|Any CPU.Build.0 = Release|Any CPU
		{52AD8849-DDB6-4542-9E18-2219AF993CAF}.Debug|Any CPU.ActiveCfg = Debug|Any CPU
		{52AD8849-DDB6-4542-9E18-2219AF993CAF}.Debug|Any CPU.Build.0 = Debug|Any CPU
		{52AD8849-DDB6-4542-9E18-2219AF993CAF}.Release|Any CPU.ActiveCfg = Release|Any CPU
		{52AD8849-DDB6-4542-9E18-2219AF993CAF}.Release|Any CPU.Build.0 = Release|Any CPU
		{42DD89A8-0AE4-4CCD-9CAC-39B8F217805D}.Debug|Any CPU.ActiveCfg = Debug|Any CPU
		{42DD89A8-0AE4-4CCD-9CAC-39B8F217805D}.Debug|Any CPU.Build.0 = Debug|Any CPU
		{42DD89A8-0AE4-4CCD-9CAC-39B8F217805D}.Release|Any CPU.ActiveCfg = Release|Any CPU
		{42DD89A8-0AE4-4CCD-9CAC-39B8F217805D}.Release|Any CPU.Build.0 = Release|Any CPU
	EndGlobalSection
	GlobalSection(SolutionProperties) = preSolution
		HideSolutionNode = FALSE
	EndGlobalSection
	GlobalSection(ExtensibilityGlobals) = postSolution
		SolutionGuid = {B487593F-428F-4F98-A6C1-4996FA3D883B}
	EndGlobalSection
EndGlobal
