
Microsoft Visual Studio Solution File, Format Version 12.00
# Visual Studio Version 17
VisualStudioVersion = 17.4.33213.308
MinimumVisualStudioVersion = 10.0.40219.1
Project("{FAE04EC0-301F-11D3-BF4B-00C04F79EFBC}") = "Vipps.net", "Vipps.net\Vipps.net.csproj", "{C8EEE10C-E51A-43D2-B547-64F2AC6B102A}"
EndProject
Global
	GlobalSection(SolutionConfigurationPlatforms) = preSolution
		Debug|Any CPU = Debug|Any CPU
		Release|Any CPU = Release|Any CPU
	EndGlobalSection
	GlobalSection(ProjectConfigurationPlatforms) = postSolution
		{C8EEE10C-E51A-43D2-B547-64F2AC6B102A}.Debug|Any CPU.ActiveCfg = Debug|Any CPU
		{C8EEE10C-E51A-43D2-B547-64F2AC6B102A}.Debug|Any CPU.Build.0 = Debug|Any CPU
		{C8EEE10C-E51A-43D2-B547-64F2AC6B102A}.Release|Any CPU.ActiveCfg = Release|Any CPU
		{C8EEE10C-E51A-43D2-B547-64F2AC6B102A}.Release|Any CPU.Build.0 = Release|Any CPU
	EndGlobalSection
	GlobalSection(SolutionProperties) = preSolution
		HideSolutionNode = FALSE
	EndGlobalSection
	GlobalSection(ExtensibilityGlobals) = postSolution
		SolutionGuid = {B487593F-428F-4F98-A6C1-4996FA3D883B}
	EndGlobalSection
EndGlobal
